
Microsoft Visual Studio Solution File, Format Version 12.00
# Visual Studio Version 17
VisualStudioVersion = 17.9.34902.65
MinimumVisualStudioVersion = 10.0.40219.1
Project("{FAE04EC0-301F-11D3-BF4B-00C04F79EFBC}") = "App", "App.csproj", "{4E3D7E1B-6573-4A76-BAC4-5C3A2C4F35D4}"
EndProject
Project("{FAE04EC0-301F-11D3-BF4B-00C04F79EFBC}") = "Tests", "..\Tests\Tests.csproj", "{4F946AB2-D9CA-4F40-ADFF-2DD88843E536}"
EndProject
Global
	GlobalSection(SolutionConfigurationPlatforms) = preSolution
		Debug|Any CPU = Debug|Any CPU
		Release|Any CPU = Release|Any CPU
	EndGlobalSection
	GlobalSection(ProjectConfigurationPlatforms) = postSolution
		{4E3D7E1B-6573-4A76-BAC4-5C3A2C4F35D4}.Debug|Any CPU.ActiveCfg = Debug|Any CPU
		{4E3D7E1B-6573-4A76-BAC4-5C3A2C4F35D4}.Debug|Any CPU.Build.0 = Debug|Any CPU
		{4E3D7E1B-6573-4A76-BAC4-5C3A2C4F35D4}.Release|Any CPU.ActiveCfg = Release|Any CPU
		{4E3D7E1B-6573-4A76-BAC4-5C3A2C4F35D4}.Release|Any CPU.Build.0 = Release|Any CPU
		{4F946AB2-D9CA-4F40-ADFF-2DD88843E536}.Debug|Any CPU.ActiveCfg = Debug|Any CPU
		{4F946AB2-D9CA-4F40-ADFF-2DD88843E536}.Debug|Any CPU.Build.0 = Debug|Any CPU
		{4F946AB2-D9CA-4F40-ADFF-2DD88843E536}.Release|Any CPU.ActiveCfg = Release|Any CPU
		{4F946AB2-D9CA-4F40-ADFF-2DD88843E536}.Release|Any CPU.Build.0 = Release|Any CPU
	EndGlobalSection
	GlobalSection(SolutionProperties) = preSolution
		HideSolutionNode = FALSE
	EndGlobalSection
	GlobalSection(ExtensibilityGlobals) = postSolution
		SolutionGuid = {7D18CF6F-4B1F-4376-B942-D546B07FD26C}
	EndGlobalSection
EndGlobal
